{
  "version": 4,
  "terraform_version": "1.5.7",
  "serial": 61,
  "lineage": "00124a4a-d755-494c-3919-a7fcdec855b2",
  "outputs": {
    "default_compute_engine_service_account": {
      "value": "815204485712-compute@developer.gserviceaccount.com",
      "type": "string"
    },
    "gke_cluster_endpoint": {
      "value": "35.197.51.193",
      "type": "string"
    },
    "gke_cluster_master_version": {
      "value": "1.31.5-gke.1233000",
      "type": "string"
    },
    "gke_cluster_name": {
      "value": "kkap-terra-st-cluster",
      "type": "string"
    },
    "mongodb_server_reserved_ip_address": {
      "value": "10.0.0.2",
      "type": "string"
    }
  },
  "resources": [
    {
      "mode": "data",
      "type": "google_compute_default_service_account",
      "name": "default",
      "provider": "provider[\"registry.terraform.io/hashicorp/google\"]",
      "instances": [
        {
          "schema_version": 0,
          "attributes": {
            "display_name": "Compute Engine default service account",
            "email": "815204485712-compute@developer.gserviceaccount.com",
            "id": "projects/clgcporg10-161/serviceAccounts/815204485712-compute@developer.gserviceaccount.com",
            "member": "serviceAccount:815204485712-compute@developer.gserviceaccount.com",
            "name": "projects/clgcporg10-161/serviceAccounts/815204485712-compute@developer.gserviceaccount.com",
            "project": "clgcporg10-161",
            "unique_id": "116397052416636905416"
          },
          "sensitive_attributes": []
        }
      ]
    },
    {
      "mode": "managed",
      "type": "google_artifact_registry_repository",
      "name": "docker_repo",
      "provider": "provider[\"registry.terraform.io/hashicorp/google\"]",
      "instances": [
        {
          "schema_version": 0,
          "attributes": {
            "cleanup_policies": [],
            "cleanup_policy_dry_run": false,
            "create_time": "2025-03-08T19:52:16.513980Z",
            "description": "Docker repository for storing app-tasky image",
            "docker_config": [],
            "effective_labels": {
              "goog-terraform-provisioned": "true"
            },
            "format": "DOCKER",
            "id": "projects/clgcporg10-161/locations/us-west1/repositories/docker-repo",
            "kms_key_name": "",
            "labels": {},
            "location": "us-west1",
            "maven_config": [],
            "mode": "STANDARD_REPOSITORY",
            "name": "docker-repo",
            "project": "clgcporg10-161",
            "remote_repository_config": [],
            "repository_id": "docker-repo",
            "terraform_labels": {
              "goog-terraform-provisioned": "true"
            },
            "timeouts": null,
            "update_time": "2025-03-13T16:17:51.928177Z",
            "virtual_repository_config": [],
            "vulnerability_scanning_config": [
              {
                "enablement_config": "",
                "enablement_state": "SCANNING_ACTIVE",
                "enablement_state_reason": ""
              }
            ]
          },
          "sensitive_attributes": [],
          "private": "eyJlMmJmYjczMC1lY2FhLTExZTYtOGY4OC0zNDM2M2JjN2M0YzAiOnsiY3JlYXRlIjoxMjAwMDAwMDAwMDAwLCJkZWxldGUiOjEyMDAwMDAwMDAwMDAsInVwZGF0ZSI6MTIwMDAwMDAwMDAwMH19"
        }
      ]
    },
    {
      "mode": "managed",
      "type": "google_compute_address",
      "name": "static_internal_ip",
      "provider": "provider[\"registry.terraform.io/hashicorp/google\"]",
      "instances": [
        {
          "schema_version": 0,
          "attributes": {
            "address": "10.0.0.2",
            "address_type": "INTERNAL",
            "creation_timestamp": "2025-03-08T12:05:30.766-08:00",
            "description": "",
            "effective_labels": {
              "goog-terraform-provisioned": "true"
            },
            "id": "projects/clgcporg10-161/regions/us-west1/addresses/static-internal-ip-mongodb",
            "ip_version": "",
            "ipv6_endpoint_type": "",
            "label_fingerprint": "vezUS-42LLM=",
            "labels": {},
            "name": "static-internal-ip-mongodb",
            "network": "",
            "network_tier": "PREMIUM",
            "prefix_length": 0,
            "project": "clgcporg10-161",
            "purpose": "GCE_ENDPOINT",
            "region": "us-west1",
            "self_link": "https://www.googleapis.com/compute/v1/projects/clgcporg10-161/regions/us-west1/addresses/static-internal-ip-mongodb",
            "subnetwork": "https://www.googleapis.com/compute/v1/projects/clgcporg10-161/regions/us-west1/subnetworks/kkap-vpc-subnet",
            "terraform_labels": {
              "goog-terraform-provisioned": "true"
            },
            "timeouts": null,
            "users": [
              "https://www.googleapis.com/compute/v1/projects/clgcporg10-161/zones/us-west1-a/instances/kkap-mongo-db-server"
            ]
          },
          "sensitive_attributes": [],
          "private": "eyJlMmJmYjczMC1lY2FhLTExZTYtOGY4OC0zNDM2M2JjN2M0YzAiOnsiY3JlYXRlIjoxMjAwMDAwMDAwMDAwLCJkZWxldGUiOjEyMDAwMDAwMDAwMDAsInVwZGF0ZSI6MTIwMDAwMDAwMDAwMH19",
          "dependencies": [
            "google_compute_network.vpc_network",
            "google_compute_subnetwork.vpc_subnet"
          ]
        }
      ]
    },
    {
      "mode": "managed",
      "type": "google_compute_address",
      "name": "static_public_ip",
      "provider": "provider[\"registry.terraform.io/hashicorp/google\"]",
      "instances": [
        {
          "schema_version": 0,
          "attributes": {
            "address": "104.196.225.97",
            "address_type": "EXTERNAL",
            "creation_timestamp": "2025-03-13T10:24:25.587-07:00",
            "description": "",
            "effective_labels": {
              "goog-terraform-provisioned": "true"
            },
            "id": "projects/clgcporg10-161/regions/us-west1/addresses/static-public-ip-mongodb",
            "ip_version": "",
            "ipv6_endpoint_type": "",
            "label_fingerprint": "vezUS-42LLM=",
            "labels": null,
            "name": "static-public-ip-mongodb",
            "network": "",
            "network_tier": "PREMIUM",
            "prefix_length": 0,
            "project": "clgcporg10-161",
            "purpose": "",
            "region": "us-west1",
            "self_link": "https://www.googleapis.com/compute/v1/projects/clgcporg10-161/regions/us-west1/addresses/static-public-ip-mongodb",
            "subnetwork": "",
            "terraform_labels": {
              "goog-terraform-provisioned": "true"
            },
            "timeouts": null,
            "users": []
          },
          "sensitive_attributes": [],
          "private": "eyJlMmJmYjczMC1lY2FhLTExZTYtOGY4OC0zNDM2M2JjN2M0YzAiOnsiY3JlYXRlIjoxMjAwMDAwMDAwMDAwLCJkZWxldGUiOjEyMDAwMDAwMDAwMDAsInVwZGF0ZSI6MTIwMDAwMDAwMDAwMH19"
        }
      ]
    },
    {
      "mode": "managed",
      "type": "google_compute_firewall",
      "name": "allow_egress_nat",
      "provider": "provider[\"registry.terraform.io/hashicorp/google\"]",
      "instances": [
        {
          "schema_version": 1,
          "attributes": {
            "allow": [
              {
                "ports": [],
                "protocol": "all"
              }
            ],
            "creation_timestamp": "2025-03-08T11:52:29.808-08:00",
            "deny": [],
            "description": "Allow egress traffic through the NAT",
            "destination_ranges": [
              "0.0.0.0/0"
            ],
            "direction": "EGRESS",
            "disabled": false,
            "enable_logging": null,
            "id": "projects/clgcporg10-161/global/firewalls/allow-egress-nat",
            "log_config": [],
            "name": "allow-egress-nat",
            "network": "https://www.googleapis.com/compute/v1/projects/clgcporg10-161/global/networks/kkap-vpc-network",
            "priority": 65534,
            "project": "clgcporg10-161",
            "self_link": "https://www.googleapis.com/compute/v1/projects/clgcporg10-161/global/firewalls/allow-egress-nat",
            "source_ranges": [
              "10.0.0.0/8"
            ],
            "source_service_accounts": [],
            "source_tags": [],
            "target_service_accounts": [],
            "target_tags": [],
            "timeouts": null
          },
          "sensitive_attributes": [],
          "private": "eyJlMmJmYjczMC1lY2FhLTExZTYtOGY4OC0zNDM2M2JjN2M0YzAiOnsiY3JlYXRlIjoxMjAwMDAwMDAwMDAwLCJkZWxldGUiOjEyMDAwMDAwMDAwMDAsInVwZGF0ZSI6MTIwMDAwMDAwMDAwMH0sInNjaGVtYV92ZXJzaW9uIjoiMSJ9",
          "dependencies": [
            "google_compute_network.vpc_network"
          ]
        }
      ]
    },
    {
      "mode": "managed",
      "type": "google_compute_firewall",
      "name": "allow_iap_ingress",
      "provider": "provider[\"registry.terraform.io/hashicorp/google\"]",
      "instances": [
        {
          "schema_version": 1,
          "attributes": {
            "allow": [
              {
                "ports": [
                  "22"
                ],
                "protocol": "tcp"
              }
            ],
            "creation_timestamp": "2025-03-08T11:52:29.726-08:00",
            "deny": [],
            "description": "Allow TCP ingress traffic from 35.235.240.0/20 on port 22",
            "destination_ranges": [],
            "direction": "INGRESS",
            "disabled": false,
            "enable_logging": null,
            "id": "projects/clgcporg10-161/global/firewalls/allow-tcp-ingress-from-range",
            "log_config": [],
            "name": "allow-tcp-ingress-from-range",
            "network": "https://www.googleapis.com/compute/v1/projects/clgcporg10-161/global/networks/kkap-vpc-network",
            "priority": 65534,
            "project": "clgcporg10-161",
            "self_link": "https://www.googleapis.com/compute/v1/projects/clgcporg10-161/global/firewalls/allow-tcp-ingress-from-range",
            "source_ranges": [
              "35.235.240.0/20"
            ],
            "source_service_accounts": [],
            "source_tags": [],
            "target_service_accounts": [],
            "target_tags": [],
            "timeouts": null
          },
          "sensitive_attributes": [],
          "private": "eyJlMmJmYjczMC1lY2FhLTExZTYtOGY4OC0zNDM2M2JjN2M0YzAiOnsiY3JlYXRlIjoxMjAwMDAwMDAwMDAwLCJkZWxldGUiOjEyMDAwMDAwMDAwMDAsInVwZGF0ZSI6MTIwMDAwMDAwMDAwMH0sInNjaGVtYV92ZXJzaW9uIjoiMSJ9",
          "dependencies": [
            "google_compute_network.vpc_network"
          ]
        }
      ]
    },
    {
      "mode": "managed",
      "type": "google_compute_firewall",
      "name": "allow_ssh_to_mongo",
      "provider": "provider[\"registry.terraform.io/hashicorp/google\"]",
      "instances": [
        {
          "schema_version": 1,
          "attributes": {
            "allow": [
              {
                "ports": [
                  "22"
                ],
                "protocol": "tcp"
              }
            ],
            "creation_timestamp": "2025-03-13T10:24:24.906-07:00",
            "deny": [],
            "description": "Allow SSH traffic to mongo server from anywhere",
            "destination_ranges": [],
            "direction": "INGRESS",
            "disabled": false,
            "enable_logging": null,
            "id": "projects/clgcporg10-161/global/firewalls/allow-ssh-to-mongo",
            "log_config": [
              {
                "metadata": "INCLUDE_ALL_METADATA"
              }
            ],
            "name": "allow-ssh-to-mongo",
            "network": "https://www.googleapis.com/compute/v1/projects/clgcporg10-161/global/networks/kkap-vpc-network",
            "priority": 1000,
            "project": "clgcporg10-161",
            "self_link": "https://www.googleapis.com/compute/v1/projects/clgcporg10-161/global/firewalls/allow-ssh-to-mongo",
            "source_ranges": [
              "0.0.0.0/0"
            ],
            "source_service_accounts": null,
            "source_tags": null,
            "target_service_accounts": null,
            "target_tags": [
              "db-server"
            ],
            "timeouts": null
          },
          "sensitive_attributes": [],
          "private": "eyJlMmJmYjczMC1lY2FhLTExZTYtOGY4OC0zNDM2M2JjN2M0YzAiOnsiY3JlYXRlIjoxMjAwMDAwMDAwMDAwLCJkZWxldGUiOjEyMDAwMDAwMDAwMDAsInVwZGF0ZSI6MTIwMDAwMDAwMDAwMH0sInNjaGVtYV92ZXJzaW9uIjoiMSJ9",
          "dependencies": [
            "google_compute_network.vpc_network"
          ]
        }
      ]
    },
    {
      "mode": "managed",
      "type": "google_compute_firewall",
      "name": "app_to_db",
      "provider": "provider[\"registry.terraform.io/hashicorp/google\"]",
      "instances": [
        {
          "schema_version": 1,
          "attributes": {
            "allow": [
              {
                "ports": [
                  "27017"
                ],
                "protocol": "tcp"
              }
            ],
            "creation_timestamp": "2025-03-08T11:52:29.443-08:00",
            "deny": [],
            "description": "Allow traffic from app on gke to db server",
            "destination_ranges": [],
            "direction": "INGRESS",
            "disabled": false,
            "enable_logging": null,
            "id": "projects/clgcporg10-161/global/firewalls/mongo-connect",
            "log_config": [
              {
                "metadata": "INCLUDE_ALL_METADATA"
              }
            ],
            "name": "mongo-connect",
            "network": "https://www.googleapis.com/compute/v1/projects/clgcporg10-161/global/networks/kkap-vpc-network",
            "priority": 1060,
            "project": "clgcporg10-161",
            "self_link": "https://www.googleapis.com/compute/v1/projects/clgcporg10-161/global/firewalls/mongo-connect",
            "source_ranges": [
              "0.0.0.0/0"
            ],
            "source_service_accounts": [],
            "source_tags": [],
            "target_service_accounts": [],
            "target_tags": [
              "db-server"
            ],
            "timeouts": null
          },
          "sensitive_attributes": [],
          "private": "eyJlMmJmYjczMC1lY2FhLTExZTYtOGY4OC0zNDM2M2JjN2M0YzAiOnsiY3JlYXRlIjoxMjAwMDAwMDAwMDAwLCJkZWxldGUiOjEyMDAwMDAwMDAwMDAsInVwZGF0ZSI6MTIwMDAwMDAwMDAwMH0sInNjaGVtYV92ZXJzaW9uIjoiMSJ9",
          "dependencies": [
            "google_compute_network.vpc_network"
          ]
        }
      ]
    },
    {
      "mode": "managed",
      "type": "google_compute_instance",
      "name": "mongo_db_server",
      "provider": "provider[\"registry.terraform.io/hashicorp/google\"]",
      "instances": [
        {
          "schema_version": 6,
          "attributes": {
            "advanced_machine_features": [],
            "allow_stopping_for_update": true,
            "attached_disk": [],
            "boot_disk": [
              {
                "auto_delete": true,
                "device_name": "persistent-disk-0",
                "disk_encryption_key_raw": "",
                "disk_encryption_key_sha256": "",
                "initialize_params": [
                  {
                    "enable_confidential_compute": false,
                    "image": "https://www.googleapis.com/compute/v1/projects/debian-cloud/global/images/debian-12-bookworm-v20250212",
                    "labels": {},
                    "provisioned_iops": 0,
                    "provisioned_throughput": 0,
                    "resource_manager_tags": {},
                    "resource_policies": [],
                    "size": 10,
                    "storage_pool": "",
                    "type": "pd-standard"
                  }
                ],
                "interface": "",
                "kms_key_self_link": "",
                "mode": "READ_WRITE",
                "source": "https://www.googleapis.com/compute/v1/projects/clgcporg10-161/zones/us-west1-a/disks/kkap-mongo-db-server"
              }
            ],
            "can_ip_forward": false,
            "confidential_instance_config": [],
            "cpu_platform": "Intel Broadwell",
            "creation_timestamp": "2025-03-08T12:05:38.282-08:00",
            "current_status": "RUNNING",
            "deletion_protection": false,
            "description": "",
            "desired_status": null,
            "effective_labels": {
              "goog-ops-agent-policy": "v2-x86-template-1-4-0",
              "goog-terraform-provisioned": "true"
            },
            "enable_display": false,
            "guest_accelerator": [],
            "hostname": "",
            "id": "projects/clgcporg10-161/zones/us-west1-a/instances/kkap-mongo-db-server",
            "instance_id": "6101328911996624381",
            "key_revocation_action_type": "",
            "label_fingerprint": "rvO_0RI_Xz0=",
            "labels": {},
            "machine_type": "e2-medium",
            "metadata": {},
            "metadata_fingerprint": "rHPjUfvfpkk=",
            "metadata_startup_script": "sudo apt-get install gnupg curl\n\ncurl -fsSL https://www.mongodb.org/static/pgp/server-8.0.asc | \\\n   sudo gpg -o /usr/share/keyrings/mongodb-server-8.0.gpg \\\n   --dearmor\n\necho \"deb [ signed-by=/usr/share/keyrings/mongodb-server-8.0.gpg ] http://repo.mongodb.org/apt/debian bookworm/mongodb-org/8.0 main\" | sudo tee /etc/apt/sources.list.d/mongodb-org-8.0.list\n\nsudo apt-get update\n\nsudo apt-get install -y mongodb-org=8.0.1 mongodb-org-database=8.0.1 mongodb-org-server=8.0.1 mongodb-mongosh mongodb-org-mongos=8.0.1 mongodb-org-tools=8.0.1\n\necho \"mongodb-org hold\" | sudo dpkg --set-selections\necho \"mongodb-org-database hold\" | sudo dpkg --set-selections\necho \"mongodb-org-server hold\" | sudo dpkg --set-selections\necho \"mongodb-mongosh hold\" | sudo dpkg --set-selections\necho \"mongodb-org-mongos hold\" | sudo dpkg --set-selections\necho \"mongodb-org-tools hold\" | sudo dpkg --set-selections\n\nsudo systemctl start mongod\n\nsudo systemctl enable mongod\n\nmkdir scripts\ncat \u003c\u003cEOF \u003e ~/scripts/mongo_backup.sh\n#!/bin/bash\nDIR=$(date \"+%d-%m-%y_H%Hm%M\")\necho \"$DIR\"\n#Destination to store your mongo backup\nDEST=~/db_backup/$DIR\n#making dest directory\nmkdir $DEST\n# If mongodb is protected with username password.\n# Set AUTH_ENABLED to 1 \n# and add MONGO_USER and MONGO_PASSWD values correctly\nAUTH_ENABLED=1\nMONGO_HOST='10.0.0.2'\nMONGO_PORT='27017'\nMONGO_USER='myUserAdmin'\nMONGO_PASSWD='abc123'\nif [ ${AUTH_ENABLED} -eq 1 ]; then\n  AUTH_PARAM=\" --username ${MONGO_USER} --password ${MONGO_PASSWD} --authenticationDatabase=admin \"\nfi\nmongodump --host ${MONGO_HOST} --port ${MONGO_PORT} ${AUTH_PARAM} --db=test --out=$DEST\ngsutil cp -r $DEST gs://kkap-public-demo-bucket/db-backup/$DIR\nEOF\n\nsudo chmod +x ~/scripts/mongo_backup.sh\n\nmongosh \u003c\u003c EOF\nuse admin\ndb.createUser(\n  {\n    user: \"myUserAdmin\",\n    pwd:  \"abc123\",\n    roles: [ { role: \"userAdminAnyDatabase\", db: \"admin\" },\n             { role: \"readWriteAnyDatabase\", db: \"admin\"},\n             { role: \"readWrite\", db: \"test\" }\n           ]\n  }\n)\nuse test\ndb.createCollection(\"user\", {\n  validator: {\n    $jsonSchema: {\n      bsonType: \"object\",\n      required: [\"ID\", \"Name\", \"Email\", \"Password\"],\n      properties: {\n        ID: {\n          bsonType: \"objectId\",\n          description: \"must be an objectId and is required\"\n        },\n        Name: {\n          bsonType: \"string\",\n          description: \"must be a string and is required\"\n        },\n        Email: {\n          bsonType: \"string\",\n          description: \"must be a string and is required\"\n        },\n        Password: {\n          bsonType: \"string\",\n          description: \"must be a string and is required\"\n        }\n      }\n    }\n  }\n});\ndb.createCollection(\"todos\", {\n  validator: {\n    $jsonSchema: {\n      bsonType: \"object\",\n      required: [\"ID\", \"Name\", \"Status\", \"UserID\"],\n      properties: {\n        ID: {\n          bsonType: \"objectId\",\n          description: \"must be an objectId and is required\"\n        },\n        Name: {\n          bsonType: \"string\",\n          description: \"must be a string and is required\"\n        },\n        Status: {\n          bsonType: \"string\",\n          description: \"must be a string and is required\"\n        },\n        UserID: {\n          bsonType: \"string\",\n          description: \"must be a string and is required\"\n        }\n      }\n    }\n  }\n});\nEOF\n\n# */2 * * * * ~/scripts/mongo_backup.sh # take a backup at every 2nd minute\n# * */4 * * * ~/scripts/mongo_backup.sh # take a backup at every minute past every 4th hour\n\n\n#mongodump --host ${MONGO_HOST} --port ${MONGO_PORT} --db ${DB_NAME} ${AUTH_PARAM} --out ${DB_BACKUP_PATH}\n#mongodump --host=10.0.0.2 --port=27017 --db=test --username=myUserAdmin --password=abc123 --authenticationDatabase=admin --out=temp_backup/\n#mongodump --host=10.0.0.2 --port=27017 --db=test --username=myUserAdmin --authenticationDatabase=admin --out=/temp_backup/\n#mongodump --host=10.0.0.2 --port=27017 --db=test --username=myUserAdmin --password=abc123 --authenticationDatabase=admin --out=gs://kkap-public-demo-bucket/\n\n#gcloud compute scp --zone [ZONE] [USER]@[INSTANCE_NAME]:/path/to/file /dev/stdout | gsutil cp - gs://[BUCKET_NAME]/[FILE_NAME]\n\n#mongoexport --host ${MONGO_HOST} --port ${MONGO_PORT} --db ${DB_NAME} ${AUTH_PARAM} --collection ${Collection_Name} --out ${DB_BACKUP_PATH}/${Collection_Name}.json\n\n#mongodump --host=10.0.0.2 --port=27017 --db=test --out gs://\u003cyour_bucket_name\u003e/\u003cyour_backup_folder\u003e\n\n#mongodump --uri=\"mongodb://myUserAdmin:abc123@localhost:27017/admin\" --out=\"gs://kkap-public-demo-bucket/db-backup/\"\n#db.createUser(\n#  {\n#    user: \"myUserAdmin\",\n#    pwd:  \"abc123\",\n#    roles: [ { role: \"userAdminAnyDatabase\", db: \"admin\" },\n#             { role: \"readWriteAnyDatabase\", db: \"admin\"},\n#           ]\n#  }\n#)\n\n#db.createUser(\n#  {\n#    user: \"myUser\",\n#    pwd:  \"abc123\",\n#    roles: [ { role: \"readWrite\", db: \"test\" }\n#           ]\n#  }\n#)",
            "min_cpu_platform": "",
            "name": "kkap-mongo-db-server",
            "network_interface": [
              {
                "access_config": [
                  {
                    "nat_ip": "104.196.225.97",
                    "network_tier": "PREMIUM",
                    "public_ptr_domain_name": ""
                  }
                ],
                "alias_ip_range": [],
                "internal_ipv6_prefix_length": 0,
                "ipv6_access_config": [],
                "ipv6_access_type": "",
                "ipv6_address": "",
                "name": "nic0",
                "network": "https://www.googleapis.com/compute/v1/projects/clgcporg10-161/global/networks/kkap-vpc-network",
                "network_ip": "10.0.0.2",
                "nic_type": "",
                "queue_count": 0,
                "stack_type": "IPV4_ONLY",
                "subnetwork": "https://www.googleapis.com/compute/v1/projects/clgcporg10-161/regions/us-west1/subnetworks/kkap-vpc-subnet",
                "subnetwork_project": "clgcporg10-161"
              }
            ],
            "network_performance_config": [],
            "params": [],
            "project": "clgcporg10-161",
            "reservation_affinity": [],
            "resource_policies": [],
            "scheduling": [
              {
                "automatic_restart": true,
                "availability_domain": 0,
                "instance_termination_action": "",
                "local_ssd_recovery_timeout": [],
                "max_run_duration": [],
                "min_node_cpus": 0,
                "node_affinities": [],
                "on_host_maintenance": "MIGRATE",
                "on_instance_stop_action": [],
                "preemptible": false,
                "provisioning_model": "STANDARD"
              }
            ],
            "scratch_disk": [],
            "self_link": "https://www.googleapis.com/compute/v1/projects/clgcporg10-161/zones/us-west1-a/instances/kkap-mongo-db-server",
            "service_account": [
              {
                "email": "815204485712-compute@developer.gserviceaccount.com",
                "scopes": [
                  "https://www.googleapis.com/auth/cloud-platform"
                ]
              }
            ],
            "shielded_instance_config": [
              {
                "enable_integrity_monitoring": true,
                "enable_secure_boot": false,
                "enable_vtpm": true
              }
            ],
            "tags": [
              "db-server"
            ],
            "tags_fingerprint": "6nVWpqigcVg=",
            "terraform_labels": {
              "goog-terraform-provisioned": "true"
            },
            "timeouts": null,
            "zone": "us-west1-a"
          },
          "sensitive_attributes": [],
          "private": "eyJlMmJmYjczMC1lY2FhLTExZTYtOGY4OC0zNDM2M2JjN2M0YzAiOnsiY3JlYXRlIjoxMjAwMDAwMDAwMDAwLCJkZWxldGUiOjEyMDAwMDAwMDAwMDAsInVwZGF0ZSI6MTIwMDAwMDAwMDAwMH0sInNjaGVtYV92ZXJzaW9uIjoiNiJ9",
          "dependencies": [
            "data.google_compute_default_service_account.default",
            "google_compute_address.static_internal_ip",
            "google_compute_address.static_public_ip",
            "google_compute_subnetwork.vpc_subnet"
          ]
        }
      ]
    },
    {
      "mode": "managed",
      "type": "google_compute_network",
      "name": "vpc_network",
      "provider": "provider[\"registry.terraform.io/hashicorp/google\"]",
      "instances": [
        {
          "schema_version": 0,
          "attributes": {
            "auto_create_subnetworks": false,
            "bgp_always_compare_med": false,
            "bgp_best_path_selection_mode": "LEGACY",
            "bgp_inter_region_cost": "",
            "delete_default_routes_on_create": false,
            "description": "",
            "enable_ula_internal_ipv6": false,
            "gateway_ipv4": "",
            "id": "projects/clgcporg10-161/global/networks/kkap-vpc-network",
            "internal_ipv6_range": "",
            "mtu": 0,
            "name": "kkap-vpc-network",
            "network_firewall_policy_enforcement_order": "AFTER_CLASSIC_FIREWALL",
            "network_id": "267957343350759688",
            "network_profile": "",
            "numeric_id": "267957343350759688",
            "project": "clgcporg10-161",
            "routing_mode": "REGIONAL",
            "self_link": "https://www.googleapis.com/compute/v1/projects/clgcporg10-161/global/networks/kkap-vpc-network",
            "timeouts": null
          },
          "sensitive_attributes": [],
          "private": "eyJlMmJmYjczMC1lY2FhLTExZTYtOGY4OC0zNDM2M2JjN2M0YzAiOnsiY3JlYXRlIjoxMjAwMDAwMDAwMDAwLCJkZWxldGUiOjEyMDAwMDAwMDAwMDAsInVwZGF0ZSI6MTIwMDAwMDAwMDAwMH19"
        }
      ]
    },
    {
      "mode": "managed",
      "type": "google_compute_router",
      "name": "router",
      "provider": "provider[\"registry.terraform.io/hashicorp/google\"]",
      "instances": [
        {
          "schema_version": 0,
          "attributes": {
            "bgp": [],
            "creation_timestamp": "2025-03-08T11:52:31.851-08:00",
            "description": "",
            "encrypted_interconnect_router": false,
            "id": "projects/clgcporg10-161/regions/us-west1/routers/kkap-router",
            "name": "kkap-router",
            "network": "https://www.googleapis.com/compute/v1/projects/clgcporg10-161/global/networks/kkap-vpc-network",
            "project": "clgcporg10-161",
            "region": "us-west1",
            "self_link": "https://www.googleapis.com/compute/v1/projects/clgcporg10-161/regions/us-west1/routers/kkap-router",
            "timeouts": null
          },
          "sensitive_attributes": [],
          "private": "eyJlMmJmYjczMC1lY2FhLTExZTYtOGY4OC0zNDM2M2JjN2M0YzAiOnsiY3JlYXRlIjoxMjAwMDAwMDAwMDAwLCJkZWxldGUiOjEyMDAwMDAwMDAwMDAsInVwZGF0ZSI6MTIwMDAwMDAwMDAwMH19",
          "dependencies": [
            "google_compute_network.vpc_network"
          ]
        }
      ]
    },
    {
      "mode": "managed",
      "type": "google_compute_router_nat",
      "name": "nat",
      "provider": "provider[\"registry.terraform.io/hashicorp/google\"]",
      "instances": [
        {
          "schema_version": 0,
          "attributes": {
            "auto_network_tier": "PREMIUM",
            "drain_nat_ips": [],
            "enable_dynamic_port_allocation": false,
            "enable_endpoint_independent_mapping": false,
            "endpoint_types": [
              "ENDPOINT_TYPE_VM"
            ],
            "icmp_idle_timeout_sec": 30,
            "id": "clgcporg10-161/us-west1/kkap-router/kkap-nat",
            "initial_nat_ips": null,
            "log_config": [],
            "max_ports_per_vm": 0,
            "min_ports_per_vm": 0,
            "name": "kkap-nat",
            "nat_ip_allocate_option": "AUTO_ONLY",
            "nat_ips": [],
            "project": "clgcporg10-161",
            "region": "us-west1",
            "router": "kkap-router",
            "rules": [],
            "source_subnetwork_ip_ranges_to_nat": "ALL_SUBNETWORKS_ALL_IP_RANGES",
            "subnetwork": [],
            "tcp_established_idle_timeout_sec": 1200,
            "tcp_time_wait_timeout_sec": 120,
            "tcp_transitory_idle_timeout_sec": 30,
            "timeouts": null,
            "udp_idle_timeout_sec": 30
          },
          "sensitive_attributes": [],
          "private": "eyJlMmJmYjczMC1lY2FhLTExZTYtOGY4OC0zNDM2M2JjN2M0YzAiOnsiY3JlYXRlIjoxMjAwMDAwMDAwMDAwLCJkZWxldGUiOjEyMDAwMDAwMDAwMDAsInVwZGF0ZSI6MTIwMDAwMDAwMDAwMH19",
          "dependencies": [
            "google_compute_network.vpc_network",
            "google_compute_router.router"
          ]
        }
      ]
    },
    {
      "mode": "managed",
      "type": "google_compute_subnetwork",
      "name": "vpc_subnet",
      "provider": "provider[\"registry.terraform.io/hashicorp/google\"]",
      "instances": [
        {
          "schema_version": 0,
          "attributes": {
            "creation_timestamp": "2025-03-08T12:05:05.941-08:00",
            "description": "",
            "external_ipv6_prefix": "",
            "fingerprint": null,
            "gateway_address": "10.0.0.1",
            "id": "projects/clgcporg10-161/regions/us-west1/subnetworks/kkap-vpc-subnet",
            "internal_ipv6_prefix": "",
            "ip_cidr_range": "10.0.0.0/20",
            "ipv6_access_type": "",
            "ipv6_cidr_range": "",
            "log_config": [],
            "name": "kkap-vpc-subnet",
            "network": "https://www.googleapis.com/compute/v1/projects/clgcporg10-161/global/networks/kkap-vpc-network",
            "private_ip_google_access": true,
            "private_ipv6_google_access": "DISABLE_GOOGLE_ACCESS",
            "project": "clgcporg10-161",
            "purpose": "PRIVATE",
            "region": "us-west1",
            "reserved_internal_range": "",
            "role": "",
            "secondary_ip_range": [
              {
                "ip_cidr_range": "10.80.0.0/14",
                "range_name": "gke-kkap-terra-st-cluster-pods-ffc813ff",
                "reserved_internal_range": "https://networkconnectivity.googleapis.com/v1/projects/clgcporg10-161/locations/global/internalRanges/gke-kkap-terra-st-cluster-pods-ffc813ff"
              }
            ],
            "self_link": "https://www.googleapis.com/compute/v1/projects/clgcporg10-161/regions/us-west1/subnetworks/kkap-vpc-subnet",
            "send_secondary_ip_range_if_empty": null,
            "stack_type": "IPV4_ONLY",
            "subnetwork_id": 2569859745840176158,
            "timeouts": null
          },
          "sensitive_attributes": [],
          "private": "eyJlMmJmYjczMC1lY2FhLTExZTYtOGY4OC0zNDM2M2JjN2M0YzAiOnsiY3JlYXRlIjoxMjAwMDAwMDAwMDAwLCJkZWxldGUiOjEyMDAwMDAwMDAwMDAsInVwZGF0ZSI6MTIwMDAwMDAwMDAwMH19",
          "dependencies": [
            "google_compute_network.vpc_network"
          ]
        }
      ]
    },
    {
      "mode": "managed",
      "type": "google_container_cluster",
      "name": "gke_cluster",
      "provider": "provider[\"registry.terraform.io/hashicorp/google\"]",
      "instances": [
        {
          "schema_version": 2,
          "attributes": {
            "addons_config": [
              {
                "cloudrun_config": [],
                "config_connector_config": [],
                "dns_cache_config": [],
                "gce_persistent_disk_csi_driver_config": [
                  {
                    "enabled": true
                  }
                ],
                "gcp_filestore_csi_driver_config": [],
                "gcs_fuse_csi_driver_config": [],
                "gke_backup_agent_config": [],
                "horizontal_pod_autoscaling": [],
                "http_load_balancing": [],
                "network_policy_config": [
                  {
                    "disabled": true
                  }
                ],
                "parallelstore_csi_driver_config": [],
                "ray_operator_config": [],
                "stateful_ha_config": []
              }
            ],
            "allow_net_admin": null,
            "authenticator_groups_config": [],
            "binary_authorization": [
              {
                "enabled": false,
                "evaluation_mode": "PROJECT_SINGLETON_POLICY_ENFORCE"
              }
            ],
            "cluster_autoscaling": [
              {
                "auto_provisioning_defaults": [],
                "auto_provisioning_locations": [],
                "autoscaling_profile": "BALANCED",
                "enabled": false,
                "resource_limits": []
              }
            ],
            "cluster_ipv4_cidr": "10.80.0.0/14",
            "confidential_nodes": [],
            "control_plane_endpoints_config": [
              {
                "dns_endpoint_config": [
                  {
                    "allow_external_traffic": false,
                    "endpoint": "gke-ffc813ff4a8a4873a1c30b8e69713c8235f1-815204485712.us-west1-a.gke.goog"
                  }
                ]
              }
            ],
            "cost_management_config": [],
            "database_encryption": [
              {
                "key_name": "",
                "state": "DECRYPTED"
              }
            ],
            "datapath_provider": "",
            "default_max_pods_per_node": 110,
            "default_snat_status": [
              {
                "disabled": false
              }
            ],
            "deletion_protection": false,
            "description": "",
            "dns_config": [],
            "effective_labels": {
              "goog-terraform-provisioned": "true"
            },
            "enable_autopilot": false,
            "enable_cilium_clusterwide_network_policy": false,
            "enable_fqdn_network_policy": false,
            "enable_intranode_visibility": false,
            "enable_k8s_beta_apis": [],
            "enable_kubernetes_alpha": false,
            "enable_l4_ilb_subsetting": false,
            "enable_legacy_abac": false,
            "enable_multi_networking": false,
            "enable_shielded_nodes": true,
            "enable_tpu": false,
            "endpoint": "35.197.51.193",
            "enterprise_config": [
              {
                "cluster_tier": "STANDARD",
                "desired_tier": ""
              }
            ],
            "fleet": [],
            "gateway_api_config": [],
            "id": "projects/clgcporg10-161/locations/us-west1-a/clusters/kkap-terra-st-cluster",
            "identity_service_config": [],
            "initial_node_count": 1,
            "ip_allocation_policy": [
              {
                "additional_pod_ranges_config": [],
                "cluster_ipv4_cidr_block": "10.80.0.0/14",
                "cluster_secondary_range_name": "gke-kkap-terra-st-cluster-pods-ffc813ff",
                "pod_cidr_overprovision_config": [
                  {
                    "disabled": false
                  }
                ],
                "services_ipv4_cidr_block": "34.118.224.0/20",
                "services_secondary_range_name": "",
                "stack_type": "IPV4"
              }
            ],
            "label_fingerprint": "78cdf2f6",
            "location": "us-west1-a",
            "logging_config": [
              {
                "enable_components": [
                  "SYSTEM_COMPONENTS",
                  "WORKLOADS"
                ]
              }
            ],
            "logging_service": "logging.googleapis.com/kubernetes",
            "maintenance_policy": [],
            "master_auth": [
              {
                "client_certificate": "",
                "client_certificate_config": [
                  {
                    "issue_client_certificate": false
                  }
                ],
                "client_key": "",
                "cluster_ca_certificate": "LS0tLS1CRUdJTiBDRVJUSUZJQ0FURS0tLS0tCk1JSUVMRENDQXBTZ0F3SUJBZ0lRZnNxTDRaZFJDSlVIS2VEWjJFSTNpekFOQmdrcWhraUc5dzBCQVFzRkFEQXYKTVMwd0t3WURWUVFERXlSbFpXTTVNVFEwTUMxaE1qRTBMVFJoTXpZdFlqRTVaaTAzTnpFNU5HUTBZVEF6WkRBdwpJQmNOTWpVd016RXlNVEEwTWpJd1doZ1BNakExTlRBek1EVXhNVFF5TWpCYU1DOHhMVEFyQmdOVkJBTVRKR1ZsCll6a3hORFF3TFdFeU1UUXROR0V6TmkxaU1UbG1MVGMzTVRrMFpEUmhNRE5rTURDQ0FhSXdEUVlKS29aSWh2Y04KQVFFQkJRQURnZ0dQQURDQ0FZb0NnZ0dCQUo0OXhKZWI0YUtQWThqbS93YiswTHEvU3dLR2p6NVNKdGw5dHJPSAowWkV0YjNmTGVYcVkvTWxEZWhkWE0vbWJjVjIxbzJ2LzJPQThIZzZHRmE0a0JMUlp1cThEVWdsdnR0U3o4SkFZCmpvQ1NkMkpJY3BSYThSMWxNN3NCL3ZsVkdyekxvSDgzSC9PcjdZalExV3o2V3AxenFrSzRVWXFtZ1JnUjBmeHIKMWxyclJsZ2xqa2Vhd2Y4VUhweHZCKzB2aTE3cksrbm90ZDBJaFgvbkVrc2l0NDZaT1FPbERGc3phNzVaa2ppTApkQ3RiUmVUQmhobXRtSWUyZnd4cGlSc1NNeGZtMThpVUgzYTJDazErYTB5R1R0SGEzeVB1eHVlMmxFZEJacXpYCmI4d3Z5ZGViVXRjSWZpVmMyRzBkbU55WXhZelpCZTN2UmxxVGwrekg5WXZldGlVZlNJcW91cW14UitNcnJLSksKMytDOFZpTWFSeXNtY2V4M3lmTXZrMit2eFBBVnlQZTZacmpYNVNiTGw1T1FWL1RvMXpQUXhKVUJ4cVFQL0NDLwpzdndNdjZVbjBjdkthdGpSeTloRDJLUktqVTN2UkhieVB3L3JVWEIwUkxtSHhmM0YvSnRMQTE5QkJYVkYvbVFWCjZhUldxWkVieHFkVGszWm1jL1Z3dHhuVVl3SURBUUFCbzBJd1FEQU9CZ05WSFE4QkFmOEVCQU1DQWdRd0R3WUQKVlIwVEFRSC9CQVV3QXdFQi96QWRCZ05WSFE0RUZnUVV1LzdCZXFjeWxrTEp4TkVtSmhnVlRmd0xaUTR3RFFZSgpLb1pJaHZjTkFRRUxCUUFEZ2dHQkFHbVBDOVk1OVhCVU14REJMMlkvMXlEZnJDOG1rNk9qeXIwRlMwWURGMThoCjVSaEp4SGhqdXRQYTVMekxsdkxQVDZ5eEdCRStXSHZWeEtWZ3FSUVZ3RUM4anQ4czhTUUQzSndUQktRQldYTWoKNDFUS0VJYS8vczJZeTRiSmZTeTROYWNaTlZzMTljMkV3OXBkZ2hGMGtadDVKR1J1Vkp5VTlMV25HNUpyOG9XYgpMalNDVnVmNUs5SVdBQlNxUjgrVmNKeDZLQlcvT2ZVaEhLQlVZVkphWWw3RWhMSlJ6NE1FdDdMVGw3ZWk1ZElaCkRxb3NmKzFKRGdTbXgyd0hvWnpZMXFReURJaFpmY1Rpam81blVVc0R0Y3dxZllzbWlpUmpKanRlMzJtWFVqSUoKOWZIdkphVVlsRnBaVVAxZjVaVWo0VzAzSEtySE9ibVA5ZUQxemRzaEkwRFByTmZnU3FyVzFWdS80UUpTMmpUMgpBSVV2TnFyTk9RWi9TWmhZeGpnRDNGYWZBSmdVZzZ3cWxuWHVNQmJlR0wxYTJYSDRRZDRaMHpsa2pzT3B6UmM1CmJDVVhNdFVXL0Zrc05oaGpkTVpidmgxWmxNVXZ6dkkxSW55TFBFZk1aL3ROWVptSmQ4VTh3QXhMQTFvTE04RksKaVVkc3RTTkNSZ2ZWam50azZBYnN5UT09Ci0tLS0tRU5EIENFUlRJRklDQVRFLS0tLS0K"
              }
            ],
            "master_authorized_networks_config": [],
            "master_version": "1.31.5-gke.1233000",
            "mesh_certificates": [],
            "min_master_version": null,
            "monitoring_config": [
              {
                "advanced_datapath_observability_config": [
                  {
                    "enable_metrics": false,
                    "enable_relay": false
                  }
                ],
                "enable_components": [
                  "SYSTEM_COMPONENTS",
                  "STORAGE",
                  "HPA",
                  "POD",
                  "DAEMONSET",
                  "DEPLOYMENT",
                  "STATEFULSET",
                  "CADVISOR",
                  "KUBELET"
                ],
                "managed_prometheus": [
                  {
                    "enabled": true
                  }
                ]
              }
            ],
            "monitoring_service": "monitoring.googleapis.com/kubernetes",
            "name": "kkap-terra-st-cluster",
            "network": "projects/clgcporg10-161/global/networks/kkap-vpc-network",
            "network_policy": [
              {
                "enabled": false,
                "provider": "PROVIDER_UNSPECIFIED"
              }
            ],
            "networking_mode": "VPC_NATIVE",
            "node_config": [
              {
                "advanced_machine_features": [],
                "boot_disk_kms_key": "",
                "confidential_nodes": [],
                "containerd_config": [],
                "disk_size_gb": 10,
                "disk_type": "pd-balanced",
                "effective_taints": [],
                "enable_confidential_storage": false,
                "ephemeral_storage_local_ssd_config": [],
                "fast_socket": [],
                "gcfs_config": [],
                "guest_accelerator": [],
                "gvnic": [],
                "host_maintenance_policy": [],
                "image_type": "COS_CONTAINERD",
                "kubelet_config": [
                  {
                    "allowed_unsafe_sysctls": [],
                    "container_log_max_files": 0,
                    "container_log_max_size": "",
                    "cpu_cfs_quota": false,
                    "cpu_cfs_quota_period": "",
                    "cpu_manager_policy": "",
                    "image_gc_high_threshold_percent": 0,
                    "image_gc_low_threshold_percent": 0,
                    "image_maximum_gc_age": "",
                    "image_minimum_gc_age": "",
                    "insecure_kubelet_readonly_port_enabled": "TRUE",
                    "pod_pids_limit": 0
                  }
                ],
                "labels": {},
                "linux_node_config": [],
                "local_nvme_ssd_block_config": [],
                "local_ssd_count": 0,
                "local_ssd_encryption_mode": "",
                "logging_variant": "DEFAULT",
                "machine_type": "e2-medium",
                "max_run_duration": "",
                "metadata": {
                  "disable-legacy-endpoints": "true"
                },
                "min_cpu_platform": "",
                "node_group": "",
                "oauth_scopes": [
                  "https://www.googleapis.com/auth/devstorage.read_only",
                  "https://www.googleapis.com/auth/logging.write",
                  "https://www.googleapis.com/auth/monitoring",
                  "https://www.googleapis.com/auth/service.management.readonly",
                  "https://www.googleapis.com/auth/servicecontrol",
                  "https://www.googleapis.com/auth/trace.append"
                ],
                "preemptible": false,
                "reservation_affinity": [],
                "resource_labels": {
                  "goog-gke-node-pool-provisioning-model": "on-demand"
                },
                "resource_manager_tags": {},
                "secondary_boot_disks": [],
                "service_account": "default",
                "shielded_instance_config": [
                  {
                    "enable_integrity_monitoring": true,
                    "enable_secure_boot": false
                  }
                ],
                "sole_tenant_config": [],
                "spot": false,
                "storage_pools": [],
                "tags": [],
                "taint": [],
                "workload_metadata_config": []
              }
            ],
            "node_locations": [],
            "node_pool": [
              {
                "autoscaling": [],
                "initial_node_count": 1,
                "instance_group_urls": [
                  "https://www.googleapis.com/compute/v1/projects/clgcporg10-161/zones/us-west1-a/instanceGroupManagers/gke-kkap-terra-st-cluste-default-pool-83a7d2d6-grp"
                ],
                "managed_instance_group_urls": [
                  "https://www.googleapis.com/compute/v1/projects/clgcporg10-161/zones/us-west1-a/instanceGroups/gke-kkap-terra-st-cluste-default-pool-83a7d2d6-grp"
                ],
                "management": [
                  {
                    "auto_repair": true,
                    "auto_upgrade": true
                  }
                ],
                "max_pods_per_node": 110,
                "name": "default-pool",
                "name_prefix": "",
                "network_config": [
                  {
                    "additional_node_network_configs": [],
                    "additional_pod_network_configs": [],
                    "create_pod_range": false,
                    "enable_private_nodes": false,
                    "network_performance_config": [],
                    "pod_cidr_overprovision_config": [],
                    "pod_ipv4_cidr_block": "10.80.0.0/14",
                    "pod_range": "gke-kkap-terra-st-cluster-pods-ffc813ff"
                  }
                ],
                "node_config": [
                  {
                    "advanced_machine_features": [],
                    "boot_disk_kms_key": "",
                    "confidential_nodes": [],
                    "containerd_config": [],
                    "disk_size_gb": 10,
                    "disk_type": "pd-balanced",
                    "effective_taints": [],
                    "enable_confidential_storage": false,
                    "ephemeral_storage_local_ssd_config": [],
                    "fast_socket": [],
                    "gcfs_config": [],
                    "guest_accelerator": [],
                    "gvnic": [],
                    "host_maintenance_policy": [],
                    "image_type": "COS_CONTAINERD",
                    "kubelet_config": [
                      {
                        "allowed_unsafe_sysctls": [],
                        "container_log_max_files": 0,
                        "container_log_max_size": "",
                        "cpu_cfs_quota": false,
                        "cpu_cfs_quota_period": "",
                        "cpu_manager_policy": "",
                        "image_gc_high_threshold_percent": 0,
                        "image_gc_low_threshold_percent": 0,
                        "image_maximum_gc_age": "",
                        "image_minimum_gc_age": "",
                        "insecure_kubelet_readonly_port_enabled": "TRUE",
                        "pod_pids_limit": 0
                      }
                    ],
                    "labels": {},
                    "linux_node_config": [],
                    "local_nvme_ssd_block_config": [],
                    "local_ssd_count": 0,
                    "local_ssd_encryption_mode": "",
                    "logging_variant": "DEFAULT",
                    "machine_type": "e2-medium",
                    "max_run_duration": "",
                    "metadata": {
                      "disable-legacy-endpoints": "true"
                    },
                    "min_cpu_platform": "",
                    "node_group": "",
                    "oauth_scopes": [
                      "https://www.googleapis.com/auth/devstorage.read_only",
                      "https://www.googleapis.com/auth/logging.write",
                      "https://www.googleapis.com/auth/monitoring",
                      "https://www.googleapis.com/auth/service.management.readonly",
                      "https://www.googleapis.com/auth/servicecontrol",
                      "https://www.googleapis.com/auth/trace.append"
                    ],
                    "preemptible": false,
                    "reservation_affinity": [],
                    "resource_labels": {
                      "goog-gke-node-pool-provisioning-model": "on-demand"
                    },
                    "resource_manager_tags": {},
                    "secondary_boot_disks": [],
                    "service_account": "default",
                    "shielded_instance_config": [
                      {
                        "enable_integrity_monitoring": true,
                        "enable_secure_boot": false
                      }
                    ],
                    "sole_tenant_config": [],
                    "spot": false,
                    "storage_pools": [],
                    "tags": [],
                    "taint": [],
                    "workload_metadata_config": []
                  }
                ],
                "node_count": 1,
                "node_locations": [
                  "us-west1-a"
                ],
                "placement_policy": [],
                "queued_provisioning": [],
                "upgrade_settings": [
                  {
                    "blue_green_settings": [],
                    "max_surge": 1,
                    "max_unavailable": 0,
                    "strategy": "SURGE"
                  }
                ],
                "version": "1.31.5-gke.1233000"
              }
            ],
            "node_pool_auto_config": [],
            "node_pool_defaults": [
              {
                "node_config_defaults": [
                  {
                    "containerd_config": [],
                    "gcfs_config": [],
                    "insecure_kubelet_readonly_port_enabled": "FALSE",
                    "logging_variant": "DEFAULT"
                  }
                ]
              }
            ],
            "node_version": "1.31.5-gke.1233000",
            "notification_config": [
              {
                "pubsub": [
                  {
                    "enabled": false,
                    "filter": [],
                    "topic": ""
                  }
                ]
              }
            ],
            "operation": null,
            "private_cluster_config": [
              {
                "enable_private_endpoint": false,
                "enable_private_nodes": false,
                "master_global_access_config": [
                  {
                    "enabled": false
                  }
                ],
                "master_ipv4_cidr_block": "",
                "peering_name": "",
                "private_endpoint": "10.0.0.35",
                "private_endpoint_subnetwork": "",
                "public_endpoint": "35.197.51.193"
              }
            ],
            "private_ipv6_google_access": "",
            "project": "clgcporg10-161",
            "release_channel": [
              {
                "channel": "REGULAR"
              }
            ],
            "remove_default_node_pool": null,
            "resource_labels": {},
            "resource_usage_export_config": [],
            "secret_manager_config": [
              {
                "enabled": false
              }
            ],
            "security_posture_config": [
              {
                "mode": "BASIC",
                "vulnerability_mode": "VULNERABILITY_MODE_UNSPECIFIED"
              }
            ],
            "self_link": "https://container.googleapis.com/v1/projects/clgcporg10-161/zones/us-west1-a/clusters/kkap-terra-st-cluster",
            "service_external_ips_config": [
              {
                "enabled": false
              }
            ],
            "services_ipv4_cidr": "34.118.224.0/20",
            "subnetwork": "projects/clgcporg10-161/regions/us-west1/subnetworks/kkap-vpc-subnet",
            "terraform_labels": {
              "goog-terraform-provisioned": "true"
            },
            "timeouts": null,
            "tpu_ipv4_cidr_block": "",
            "user_managed_keys_config": [],
            "vertical_pod_autoscaling": [],
            "workload_identity_config": []
          },
          "sensitive_attributes": [],
          "private": "eyJlMmJmYjczMC1lY2FhLTExZTYtOGY4OC0zNDM2M2JjN2M0YzAiOnsiY3JlYXRlIjoyNDAwMDAwMDAwMDAwLCJkZWxldGUiOjI0MDAwMDAwMDAwMDAsInJlYWQiOjI0MDAwMDAwMDAwMDAsInVwZGF0ZSI6MzYwMDAwMDAwMDAwMH0sInNjaGVtYV92ZXJzaW9uIjoiMiJ9",
          "dependencies": [
            "google_compute_network.vpc_network",
            "google_compute_subnetwork.vpc_subnet",
            "google_project_service.gke_api"
          ]
        }
      ]
    },
    {
      "mode": "managed",
      "type": "google_kms_crypto_key",
      "name": "signing_key",
      "provider": "provider[\"registry.terraform.io/hashicorp/google\"]",
      "instances": [
        {
          "schema_version": 1,
          "attributes": {
            "crypto_key_backend": "",
            "destroy_scheduled_duration": "2592000s",
            "effective_labels": {
              "goog-terraform-provisioned": "true"
            },
            "id": "projects/clgcporg10-161/locations/us-west1/keyRings/kkap-key-ring/cryptoKeys/kkap-signing-key",
            "import_only": false,
            "key_ring": "projects/clgcporg10-161/locations/us-west1/keyRings/kkap-key-ring",
            "labels": {},
            "name": "kkap-signing-key",
            "primary": [],
            "purpose": "ASYMMETRIC_SIGN",
            "rotation_period": "",
            "skip_initial_version_creation": false,
            "terraform_labels": {
              "goog-terraform-provisioned": "true"
            },
            "timeouts": null,
            "version_template": [
              {
                "algorithm": "EC_SIGN_P256_SHA256",
                "protection_level": "SOFTWARE"
              }
            ]
          },
          "sensitive_attributes": [],
          "private": "eyJlMmJmYjczMC1lY2FhLTExZTYtOGY4OC0zNDM2M2JjN2M0YzAiOnsiY3JlYXRlIjoxMjAwMDAwMDAwMDAwLCJkZWxldGUiOjEyMDAwMDAwMDAwMDAsInVwZGF0ZSI6MTIwMDAwMDAwMDAwMH0sInNjaGVtYV92ZXJzaW9uIjoiMSJ9",
          "dependencies": [
            "google_kms_key_ring.key_ring",
            "google_project_service.binary_authorization_api",
            "google_project_service.kms_api"
          ]
        }
      ]
    },
    {
      "mode": "managed",
      "type": "google_kms_key_ring",
      "name": "key_ring",
      "provider": "provider[\"registry.terraform.io/hashicorp/google\"]",
      "instances": [
        {
          "schema_version": 0,
          "attributes": {
            "id": "projects/clgcporg10-161/locations/us-west1/keyRings/kkap-key-ring",
            "location": "us-west1",
            "name": "kkap-key-ring",
            "project": "clgcporg10-161",
            "timeouts": null
          },
          "sensitive_attributes": [],
          "private": "eyJlMmJmYjczMC1lY2FhLTExZTYtOGY4OC0zNDM2M2JjN2M0YzAiOnsiY3JlYXRlIjoxMjAwMDAwMDAwMDAwLCJkZWxldGUiOjEyMDAwMDAwMDAwMDB9fQ==",
          "dependencies": [
            "google_project_service.binary_authorization_api",
            "google_project_service.kms_api"
          ]
        }
      ]
    },
    {
      "mode": "managed",
      "type": "google_project_iam_member",
      "name": "editor",
      "provider": "provider[\"registry.terraform.io/hashicorp/google\"]",
      "instances": [
        {
          "schema_version": 0,
          "attributes": {
            "condition": [],
            "etag": "BwYwJvjDyYU=",
            "id": "clgcporg10-161/roles/editor/serviceAccount:815204485712-compute@developer.gserviceaccount.com",
            "member": "serviceAccount:815204485712-compute@developer.gserviceaccount.com",
            "project": "clgcporg10-161",
            "role": "roles/editor"
          },
          "sensitive_attributes": [],
          "private": "bnVsbA==",
          "dependencies": [
            "data.google_compute_default_service_account.default"
          ]
        }
      ]
    },
    {
      "mode": "managed",
      "type": "google_project_service",
      "name": "artifact_registry_api",
      "provider": "provider[\"registry.terraform.io/hashicorp/google\"]",
      "instances": [
        {
          "schema_version": 0,
          "attributes": {
            "disable_dependent_services": null,
            "disable_on_destroy": false,
            "id": "clgcporg10-161/artifactregistry.googleapis.com",
            "project": "clgcporg10-161",
            "service": "artifactregistry.googleapis.com",
            "timeouts": null
          },
          "sensitive_attributes": [],
          "private": "eyJlMmJmYjczMC1lY2FhLTExZTYtOGY4OC0zNDM2M2JjN2M0YzAiOnsiY3JlYXRlIjoxMjAwMDAwMDAwMDAwLCJkZWxldGUiOjEyMDAwMDAwMDAwMDAsInJlYWQiOjYwMDAwMDAwMDAwMCwidXBkYXRlIjoxMjAwMDAwMDAwMDAwfX0="
        }
      ]
    },
    {
      "mode": "managed",
      "type": "google_project_service",
      "name": "binary_authorization_api",
      "provider": "provider[\"registry.terraform.io/hashicorp/google\"]",
      "instances": [
        {
          "schema_version": 0,
          "attributes": {
            "disable_dependent_services": null,
            "disable_on_destroy": false,
            "id": "clgcporg10-161/binaryauthorization.googleapis.com",
            "project": "clgcporg10-161",
            "service": "binaryauthorization.googleapis.com",
            "timeouts": null
          },
          "sensitive_attributes": [],
          "private": "eyJlMmJmYjczMC1lY2FhLTExZTYtOGY4OC0zNDM2M2JjN2M0YzAiOnsiY3JlYXRlIjoxMjAwMDAwMDAwMDAwLCJkZWxldGUiOjEyMDAwMDAwMDAwMDAsInJlYWQiOjYwMDAwMDAwMDAwMCwidXBkYXRlIjoxMjAwMDAwMDAwMDAwfX0="
        }
      ]
    },
    {
      "mode": "managed",
      "type": "google_project_service",
      "name": "compute_api",
      "provider": "provider[\"registry.terraform.io/hashicorp/google\"]",
      "instances": [
        {
          "schema_version": 0,
          "attributes": {
            "disable_dependent_services": null,
            "disable_on_destroy": false,
            "id": "clgcporg10-161/compute.googleapis.com",
            "project": "clgcporg10-161",
            "service": "compute.googleapis.com",
            "timeouts": null
          },
          "sensitive_attributes": [],
          "private": "eyJlMmJmYjczMC1lY2FhLTExZTYtOGY4OC0zNDM2M2JjN2M0YzAiOnsiY3JlYXRlIjoxMjAwMDAwMDAwMDAwLCJkZWxldGUiOjEyMDAwMDAwMDAwMDAsInJlYWQiOjYwMDAwMDAwMDAwMCwidXBkYXRlIjoxMjAwMDAwMDAwMDAwfX0="
        }
      ]
    },
    {
      "mode": "managed",
      "type": "google_project_service",
      "name": "container_scanning_api",
      "provider": "provider[\"registry.terraform.io/hashicorp/google\"]",
      "instances": [
        {
          "schema_version": 0,
          "attributes": {
            "disable_dependent_services": null,
            "disable_on_destroy": false,
            "id": "clgcporg10-161/containerscanning.googleapis.com",
            "project": "clgcporg10-161",
            "service": "containerscanning.googleapis.com",
            "timeouts": null
          },
          "sensitive_attributes": [],
          "private": "eyJlMmJmYjczMC1lY2FhLTExZTYtOGY4OC0zNDM2M2JjN2M0YzAiOnsiY3JlYXRlIjoxMjAwMDAwMDAwMDAwLCJkZWxldGUiOjEyMDAwMDAwMDAwMDAsInJlYWQiOjYwMDAwMDAwMDAwMCwidXBkYXRlIjoxMjAwMDAwMDAwMDAwfX0="
        }
      ]
    },
    {
      "mode": "managed",
      "type": "google_project_service",
      "name": "gke_api",
      "provider": "provider[\"registry.terraform.io/hashicorp/google\"]",
      "instances": [
        {
          "schema_version": 0,
          "attributes": {
            "disable_dependent_services": null,
            "disable_on_destroy": false,
            "id": "clgcporg10-161/container.googleapis.com",
            "project": "clgcporg10-161",
            "service": "container.googleapis.com",
            "timeouts": null
          },
          "sensitive_attributes": [],
          "private": "eyJlMmJmYjczMC1lY2FhLTExZTYtOGY4OC0zNDM2M2JjN2M0YzAiOnsiY3JlYXRlIjoxMjAwMDAwMDAwMDAwLCJkZWxldGUiOjEyMDAwMDAwMDAwMDAsInJlYWQiOjYwMDAwMDAwMDAwMCwidXBkYXRlIjoxMjAwMDAwMDAwMDAwfX0="
        }
      ]
    },
    {
      "mode": "managed",
      "type": "google_project_service",
      "name": "kms_api",
      "provider": "provider[\"registry.terraform.io/hashicorp/google\"]",
      "instances": [
        {
          "schema_version": 0,
          "attributes": {
            "disable_dependent_services": null,
            "disable_on_destroy": false,
            "id": "clgcporg10-161/cloudkms.googleapis.com",
            "project": "clgcporg10-161",
            "service": "cloudkms.googleapis.com",
            "timeouts": null
          },
          "sensitive_attributes": [],
          "private": "eyJlMmJmYjczMC1lY2FhLTExZTYtOGY4OC0zNDM2M2JjN2M0YzAiOnsiY3JlYXRlIjoxMjAwMDAwMDAwMDAwLCJkZWxldGUiOjEyMDAwMDAwMDAwMDAsInJlYWQiOjYwMDAwMDAwMDAwMCwidXBkYXRlIjoxMjAwMDAwMDAwMDAwfX0=",
          "dependencies": [
            "google_project_service.binary_authorization_api"
          ]
        }
      ]
    },
    {
      "mode": "managed",
      "type": "google_project_service",
      "name": "storage_api",
      "provider": "provider[\"registry.terraform.io/hashicorp/google\"]",
      "instances": [
        {
          "schema_version": 0,
          "attributes": {
            "disable_dependent_services": null,
            "disable_on_destroy": false,
            "id": "clgcporg10-161/storage.googleapis.com",
            "project": "clgcporg10-161",
            "service": "storage.googleapis.com",
            "timeouts": null
          },
          "sensitive_attributes": [],
          "private": "eyJlMmJmYjczMC1lY2FhLTExZTYtOGY4OC0zNDM2M2JjN2M0YzAiOnsiY3JlYXRlIjoxMjAwMDAwMDAwMDAwLCJkZWxldGUiOjEyMDAwMDAwMDAwMDAsInJlYWQiOjYwMDAwMDAwMDAwMCwidXBkYXRlIjoxMjAwMDAwMDAwMDAwfX0="
        }
      ]
    },
    {
      "mode": "managed",
      "type": "google_storage_bucket",
      "name": "public_bucket",
      "provider": "provider[\"registry.terraform.io/hashicorp/google\"]",
      "instances": [
        {
          "schema_version": 3,
          "attributes": {
            "autoclass": [],
            "cors": [],
            "custom_placement_config": [],
            "default_event_based_hold": false,
            "effective_labels": {
              "goog-terraform-provisioned": "true"
            },
            "enable_object_retention": false,
            "encryption": [],
            "force_destroy": true,
            "hierarchical_namespace": [
              {
                "enabled": false
              }
            ],
            "id": "kkap-public-open-bucket",
            "labels": {},
            "lifecycle_rule": [],
            "location": "US-WEST1",
            "logging": [],
            "name": "kkap-public-open-bucket",
            "project": "clgcporg10-161",
            "project_number": 815204485712,
            "public_access_prevention": "inherited",
            "requester_pays": false,
            "retention_policy": [],
            "rpo": null,
            "self_link": "https://www.googleapis.com/storage/v1/b/kkap-public-open-bucket",
            "soft_delete_policy": [
              {
                "effective_time": "2025-03-08T19:52:07.824Z",
                "retention_duration_seconds": 604800
              }
            ],
            "storage_class": "STANDARD",
            "terraform_labels": {
              "goog-terraform-provisioned": "true"
            },
            "timeouts": null,
            "uniform_bucket_level_access": true,
            "url": "gs://kkap-public-open-bucket",
            "versioning": [],
            "website": []
          },
          "sensitive_attributes": [],
          "private": "eyJlMmJmYjczMC1lY2FhLTExZTYtOGY4OC0zNDM2M2JjN2M0YzAiOnsiY3JlYXRlIjo2MDAwMDAwMDAwMDAsInJlYWQiOjI0MDAwMDAwMDAwMCwidXBkYXRlIjoyNDAwMDAwMDAwMDB9LCJzY2hlbWFfdmVyc2lvbiI6IjMifQ=="
        }
      ]
    },
    {
      "mode": "managed",
      "type": "google_storage_bucket_iam_member",
      "name": "public_read",
      "provider": "provider[\"registry.terraform.io/hashicorp/google\"]",
      "instances": [
        {
          "schema_version": 0,
          "attributes": {
            "bucket": "b/kkap-public-open-bucket",
            "condition": [],
            "etag": "CAI=",
            "id": "b/kkap-public-open-bucket/roles/storage.objectViewer/allUsers",
            "member": "allUsers",
            "role": "roles/storage.objectViewer"
          },
          "sensitive_attributes": [],
          "private": "bnVsbA==",
          "dependencies": [
            "google_storage_bucket.public_bucket"
          ]
        }
      ]
    }
  ],
  "check_results": null
}
